
Microsoft Visual Studio Solution File, Format Version 12.00
Project("{FAE04EC0-301F-11D3-BF4B-00C04F79EFBC}") = "Clinic", "Clinic\Clinic.csproj", "{C18A1A06-80B3-4E27-AFB2-BE7FE4F0B02E}"
EndProject
Global
	GlobalSection(SolutionConfigurationPlatforms) = preSolution
		Debug|Any CPU = Debug|Any CPU
		Release|Any CPU = Release|Any CPU
	EndGlobalSection
	GlobalSection(ProjectConfigurationPlatforms) = postSolution
		{C18A1A06-80B3-4E27-AFB2-BE7FE4F0B02E}.Debug|Any CPU.ActiveCfg = Debug|Any CPU
		{C18A1A06-80B3-4E27-AFB2-BE7FE4F0B02E}.Debug|Any CPU.Build.0 = Debug|Any CPU
		{C18A1A06-80B3-4E27-AFB2-BE7FE4F0B02E}.Release|Any CPU.ActiveCfg = Release|Any CPU
		{C18A1A06-80B3-4E27-AFB2-BE7FE4F0B02E}.Release|Any CPU.Build.0 = Release|Any CPU
	EndGlobalSection
EndGlobal
